// !$*UTF8*$!
{
	archiveVersion = 1;
	classes = {
	};
	objectVersion = 46;
	objects = {

/* Begin PBXBuildFile section */
		229DE0371A917A3A00826F22 /* main.m in Sources */ = {isa = PBXBuildFile; fileRef = 229DE0361A917A3A00826F22 /* main.m */; };
		229DE03A1A917A3A00826F22 /* AppDelegate.m in Sources */ = {isa = PBXBuildFile; fileRef = 229DE0391A917A3A00826F22 /* AppDelegate.m */; };
		229DE03D1A917A3A00826F22 /* ViewController.m in Sources */ = {isa = PBXBuildFile; fileRef = 229DE03C1A917A3A00826F22 /* ViewController.m */; };
		229DE0401A917A3A00826F22 /* Main.storyboard in Resources */ = {isa = PBXBuildFile; fileRef = 229DE03E1A917A3A00826F22 /* Main.storyboard */; };
		229DE0421A917A3A00826F22 /* Images.xcassets in Resources */ = {isa = PBXBuildFile; fileRef = 229DE0411A917A3A00826F22 /* Images.xcassets */; };
		229DE0451A917A3A00826F22 /* LaunchScreen.xib in Resources */ = {isa = PBXBuildFile; fileRef = 229DE0431A917A3A00826F22 /* LaunchScreen.xib */; };
		229DE0511A917A3A00826F22 /* RedditTests.m in Sources */ = {isa = PBXBuildFile; fileRef = 229DE0501A917A3A00826F22 /* RedditTests.m */; };
/* End PBXBuildFile section */

/* Begin PBXContainerItemProxy section */
		229DE04B1A917A3A00826F22 /* PBXContainerItemProxy */ = {
			isa = PBXContainerItemProxy;
			containerPortal = 229DE0291A917A3A00826F22 /* Project object */;
			proxyType = 1;
			remoteGlobalIDString = 229DE0301A917A3A00826F22;
			remoteInfo = Reddit;
		};
/* End PBXContainerItemProxy section */

/* Begin PBXFileReference section */
		229DE0311A917A3A00826F22 /* Reddit.app */ = {isa = PBXFileReference; explicitFileType = wrapper.application; includeInIndex = 0; path = Reddit.app; sourceTree = BUILT_PRODUCTS_DIR; };
		229DE0351A917A3A00826F22 /* Info.plist */ = {isa = PBXFileReference; lastKnownFileType = text.plist.xml; path = Info.plist; sourceTree = "<group>"; };
		229DE0361A917A3A00826F22 /* main.m */ = {isa = PBXFileReference; lastKnownFileType = sourcecode.c.objc; path = main.m; sourceTree = "<group>"; };
		229DE0381A917A3A00826F22 /* AppDelegate.h */ = {isa = PBXFileReference; lastKnownFileType = sourcecode.c.h; path = AppDelegate.h; sourceTree = "<group>"; };
		229DE0391A917A3A00826F22 /* AppDelegate.m */ = {isa = PBXFileReference; lastKnownFileType = sourcecode.c.objc; path = AppDelegate.m; sourceTree = "<group>"; };
		229DE03B1A917A3A00826F22 /* ViewController.h */ = {isa = PBXFileReference; lastKnownFileType = sourcecode.c.h; path = ViewController.h; sourceTree = "<group>"; };
		229DE03C1A917A3A00826F22 /* ViewController.m */ = {isa = PBXFileReference; lastKnownFileType = sourcecode.c.objc; path = ViewController.m; sourceTree = "<group>"; };
		229DE03F1A917A3A00826F22 /* Base */ = {isa = PBXFileReference; lastKnownFileType = file.storyboard; name = Base; path = Base.lproj/Main.storyboard; sourceTree = "<group>"; };
		229DE0411A917A3A00826F22 /* Images.xcassets */ = {isa = PBXFileReference; lastKnownFileType = folder.assetcatalog; path = Images.xcassets; sourceTree = "<group>"; };
		229DE0441A917A3A00826F22 /* Base */ = {isa = PBXFileReference; lastKnownFileType = file.xib; name = Base; path = Base.lproj/LaunchScreen.xib; sourceTree = "<group>"; };
		229DE04A1A917A3A00826F22 /* RedditTests.xctest */ = {isa = PBXFileReference; explicitFileType = wrapper.cfbundle; includeInIndex = 0; path = RedditTests.xctest; sourceTree = BUILT_PRODUCTS_DIR; };
		229DE04F1A917A3A00826F22 /* Info.plist */ = {isa = PBXFileReference; lastKnownFileType = text.plist.xml; path = Info.plist; sourceTree = "<group>"; };
		229DE0501A917A3A00826F22 /* RedditTests.m */ = {isa = PBXFileReference; lastKnownFileType = sourcecode.c.objc; path = RedditTests.m; sourceTree = "<group>"; };
/* End PBXFileReference section */

/* Begin PBXFrameworksBuildPhase section */
		229DE02E1A917A3A00826F22 /* Frameworks */ = {
			isa = PBXFrameworksBuildPhase;
			buildActionMask = 2147483647;
			files = (
			);
			runOnlyForDeploymentPostprocessing = 0;
		};
		229DE0471A917A3A00826F22 /* Frameworks */ = {
			isa = PBXFrameworksBuildPhase;
			buildActionMask = 2147483647;
			files = (
			);
			runOnlyForDeploymentPostprocessing = 0;
		};
/* End PBXFrameworksBuildPhase section */

/* Begin PBXGroup section */
		229DE0281A917A3A00826F22 = {
			isa = PBXGroup;
			children = (
				229DE0331A917A3A00826F22 /* Reddit */,
				229DE04D1A917A3A00826F22 /* RedditTests */,
				229DE0321A917A3A00826F22 /* Products */,
			);
			sourceTree = "<group>";
		};
		229DE0321A917A3A00826F22 /* Products */ = {
			isa = PBXGroup;
			children = (
				229DE0311A917A3A00826F22 /* Reddit.app */,
				229DE04A1A917A3A00826F22 /* RedditTests.xctest */,
			);
			name = Products;
			sourceTree = "<group>";
		};
		229DE0331A917A3A00826F22 /* Reddit */ = {
			isa = PBXGroup;
			children = (
				229DE0381A917A3A00826F22 /* AppDelegate.h */,
				229DE0391A917A3A00826F22 /* AppDelegate.m */,
				229DE03B1A917A3A00826F22 /* ViewController.h */,
				229DE03C1A917A3A00826F22 /* ViewController.m */,
				229DE03E1A917A3A00826F22 /* Main.storyboard */,
				229DE0411A917A3A00826F22 /* Images.xcassets */,
				229DE0431A917A3A00826F22 /* LaunchScreen.xib */,
				229DE0341A917A3A00826F22 /* Supporting Files */,
			);
			path = Reddit;
			sourceTree = "<group>";
		};
		229DE0341A917A3A00826F22 /* Supporting Files */ = {
			isa = PBXGroup;
			children = (
				229DE0351A917A3A00826F22 /* Info.plist */,
				229DE0361A917A3A00826F22 /* main.m */,
			);
			name = "Supporting Files";
			sourceTree = "<group>";
		};
		229DE04D1A917A3A00826F22 /* RedditTests */ = {
			isa = PBXGroup;
			children = (
				229DE0501A917A3A00826F22 /* RedditTests.m */,
				229DE04E1A917A3A00826F22 /* Supporting Files */,
			);
			path = RedditTests;
			sourceTree = "<group>";
		};
		229DE04E1A917A3A00826F22 /* Supporting Files */ = {
			isa = PBXGroup;
			children = (
				229DE04F1A917A3A00826F22 /* Info.plist */,
			);
			name = "Supporting Files";
			sourceTree = "<group>";
		};
/* End PBXGroup section */

/* Begin PBXNativeTarget section */
		229DE0301A917A3A00826F22 /* Reddit */ = {
			isa = PBXNativeTarget;
			buildConfigurationList = 229DE0541A917A3A00826F22 /* Build configuration list for PBXNativeTarget "Reddit" */;
			buildPhases = (
				229DE02D1A917A3A00826F22 /* Sources */,
				229DE02E1A917A3A00826F22 /* Frameworks */,
				229DE02F1A917A3A00826F22 /* Resources */,
			);
			buildRules = (
			);
			dependencies = (
			);
			name = Reddit;
			productName = Reddit;
			productReference = 229DE0311A917A3A00826F22 /* Reddit.app */;
			productType = "com.apple.product-type.application";
		};
		229DE0491A917A3A00826F22 /* RedditTests */ = {
			isa = PBXNativeTarget;
			buildConfigurationList = 229DE0571A917A3A00826F22 /* Build configuration list for PBXNativeTarget "RedditTests" */;
			buildPhases = (
				229DE0461A917A3A00826F22 /* Sources */,
				229DE0471A917A3A00826F22 /* Frameworks */,
				229DE0481A917A3A00826F22 /* Resources */,
			);
			buildRules = (
			);
			dependencies = (
				229DE04C1A917A3A00826F22 /* PBXTargetDependency */,
			);
			name = RedditTests;
			productName = RedditTests;
			productReference = 229DE04A1A917A3A00826F22 /* RedditTests.xctest */;
			productType = "com.apple.product-type.bundle.unit-test";
		};
/* End PBXNativeTarget section */

/* Begin PBXProject section */
		229DE0291A917A3A00826F22 /* Project object */ = {
			isa = PBXProject;
			attributes = {
				LastUpgradeCheck = 0610;
				ORGANIZATIONNAME = "WillowTree Apps";
				TargetAttributes = {
					229DE0301A917A3A00826F22 = {
						CreatedOnToolsVersion = 6.1.1;
					};
					229DE0491A917A3A00826F22 = {
						CreatedOnToolsVersion = 6.1.1;
						TestTargetID = 229DE0301A917A3A00826F22;
					};
				};
			};
			buildConfigurationList = 229DE02C1A917A3A00826F22 /* Build configuration list for PBXProject "Reddit" */;
			compatibilityVersion = "Xcode 3.2";
			developmentRegion = English;
			hasScannedForEncodings = 0;
			knownRegions = (
				en,
				Base,
			);
			mainGroup = 229DE0281A917A3A00826F22;
			productRefGroup = 229DE0321A917A3A00826F22 /* Products */;
			projectDirPath = "";
			projectRoot = "";
			targets = (
				229DE0301A917A3A00826F22 /* Reddit */,
				229DE0491A917A3A00826F22 /* RedditTests */,
			);
		};
/* End PBXProject section */

/* Begin PBXResourcesBuildPhase section */
		229DE02F1A917A3A00826F22 /* Resources */ = {
			isa = PBXResourcesBuildPhase;
			buildActionMask = 2147483647;
			files = (
				229DE0401A917A3A00826F22 /* Main.storyboard in Resources */,
				229DE0451A917A3A00826F22 /* LaunchScreen.xib in Resources */,
				229DE0421A917A3A00826F22 /* Images.xcassets in Resources */,
			);
			runOnlyForDeploymentPostprocessing = 0;
		};
		229DE0481A917A3A00826F22 /* Resources */ = {
			isa = PBXResourcesBuildPhase;
			buildActionMask = 2147483647;
			files = (
			);
			runOnlyForDeploymentPostprocessing = 0;
		};
/* End PBXResourcesBuildPhase section */

/* Begin PBXSourcesBuildPhase section */
		229DE02D1A917A3A00826F22 /* Sources */ = {
			isa = PBXSourcesBuildPhase;
			buildActionMask = 2147483647;
			files = (
				229DE03D1A917A3A00826F22 /* ViewController.m in Sources */,
				229DE03A1A917A3A00826F22 /* AppDelegate.m in Sources */,
				229DE0371A917A3A00826F22 /* main.m in Sources */,
			);
			runOnlyForDeploymentPostprocessing = 0;
		};
		229DE0461A917A3A00826F22 /* Sources */ = {
			isa = PBXSourcesBuildPhase;
			buildActionMask = 2147483647;
			files = (
				229DE0511A917A3A00826F22 /* RedditTests.m in Sources */,
			);
			runOnlyForDeploymentPostprocessing = 0;
		};
/* End PBXSourcesBuildPhase section */

/* Begin PBXTargetDependency section */
		229DE04C1A917A3A00826F22 /* PBXTargetDependency */ = {
			isa = PBXTargetDependency;
			target = 229DE0301A917A3A00826F22 /* Reddit */;
			targetProxy = 229DE04B1A917A3A00826F22 /* PBXContainerItemProxy */;
		};
/* End PBXTargetDependency section */

/* Begin PBXVariantGroup section */
		229DE03E1A917A3A00826F22 /* Main.storyboard */ = {
			isa = PBXVariantGroup;
			children = (
				229DE03F1A917A3A00826F22 /* Base */,
			);
			name = Main.storyboard;
			sourceTree = "<group>";
		};
		229DE0431A917A3A00826F22 /* LaunchScreen.xib */ = {
			isa = PBXVariantGroup;
			children = (
				229DE0441A917A3A00826F22 /* Base */,
			);
			name = LaunchScreen.xib;
			sourceTree = "<group>";
		};
/* End PBXVariantGroup section */

/* Begin XCBuildConfiguration section */
		229DE0521A917A3A00826F22 /* Debug */ = {
			isa = XCBuildConfiguration;
			buildSettings = {
				ALWAYS_SEARCH_USER_PATHS = NO;
				CLANG_CXX_LANGUAGE_STANDARD = "gnu++0x";
				CLANG_CXX_LIBRARY = "libc++";
				CLANG_ENABLE_MODULES = YES;
				CLANG_ENABLE_OBJC_ARC = YES;
				CLANG_WARN_BOOL_CONVERSION = YES;
				CLANG_WARN_CONSTANT_CONVERSION = YES;
				CLANG_WARN_DIRECT_OBJC_ISA_USAGE = YES_ERROR;
				CLANG_WARN_EMPTY_BODY = YES;
				CLANG_WARN_ENUM_CONVERSION = YES;
				CLANG_WARN_INT_CONVERSION = YES;
				CLANG_WARN_OBJC_ROOT_CLASS = YES_ERROR;
				CLANG_WARN_UNREACHABLE_CODE = YES;
				CLANG_WARN__DUPLICATE_METHOD_MATCH = YES;
				"CODE_SIGN_IDENTITY[sdk=iphoneos*]" = "iPhone Developer";
				COPY_PHASE_STRIP = NO;
				ENABLE_STRICT_OBJC_MSGSEND = YES;
				GCC_C_LANGUAGE_STANDARD = gnu99;
				GCC_DYNAMIC_NO_PIC = NO;
				GCC_OPTIMIZATION_LEVEL = 0;
				GCC_PREPROCESSOR_DEFINITIONS = (
					"DEBUG=1",
					"$(inherited)",
				);
				GCC_SYMBOLS_PRIVATE_EXTERN = NO;
				GCC_WARN_64_TO_32_BIT_CONVERSION = YES;
				GCC_WARN_ABOUT_RETURN_TYPE = YES_ERROR;
				GCC_WARN_UNDECLARED_SELECTOR = YES;
				GCC_WARN_UNINITIALIZED_AUTOS = YES_AGGRESSIVE;
				GCC_WARN_UNUSED_FUNCTION = YES;
				GCC_WARN_UNUSED_VARIABLE = YES;
				IPHONEOS_DEPLOYMENT_TARGET = 8.1;
				MTL_ENABLE_DEBUG_INFO = YES;
				ONLY_ACTIVE_ARCH = YES;
				SDKROOT = iphoneos;
			};
			name = Debug;
		};
		229DE0531A917A3A00826F22 /* Release */ = {
			isa = XCBuildConfiguration;
			buildSettings = {
				ALWAYS_SEARCH_USER_PATHS = NO;
				CLANG_CXX_LANGUAGE_STANDARD = "gnu++0x";
				CLANG_CXX_LIBRARY = "libc++";
				CLANG_ENABLE_MODULES = YES;
				CLANG_ENABLE_OBJC_ARC = YES;
				CLANG_WARN_BOOL_CONVERSION = YES;
				CLANG_WARN_CONSTANT_CONVERSION = YES;
				CLANG_WARN_DIRECT_OBJC_ISA_USAGE = YES_ERROR;
				CLANG_WARN_EMPTY_BODY = YES;
				CLANG_WARN_ENUM_CONVERSION = YES;
				CLANG_WARN_INT_CONVERSION = YES;
				CLANG_WARN_OBJC_ROOT_CLASS = YES_ERROR;
				CLANG_WARN_UNREACHABLE_CODE = YES;
				CLANG_WARN__DUPLICATE_METHOD_MATCH = YES;
				"CODE_SIGN_IDENTITY[sdk=iphoneos*]" = "iPhone Developer";
				COPY_PHASE_STRIP = YES;
				ENABLE_NS_ASSERTIONS = NO;
				ENABLE_STRICT_OBJC_MSGSEND = YES;
				GCC_C_LANGUAGE_STANDARD = gnu99;
				GCC_WARN_64_TO_32_BIT_CONVERSION = YES;
				GCC_WARN_ABOUT_RETURN_TYPE = YES_ERROR;
				GCC_WARN_UNDECLARED_SELECTOR = YES;
				GCC_WARN_UNINITIALIZED_AUTOS = YES_AGGRESSIVE;
				GCC_WARN_UNUSED_FUNCTION = YES;
				GCC_WARN_UNUSED_VARIABLE = YES;
				IPHONEOS_DEPLOYMENT_TARGET = 8.1;
				MTL_ENABLE_DEBUG_INFO = NO;
				SDKROOT = iphoneos;
				VALIDATE_PRODUCT = YES;
			};
			name = Release;
		};
		229DE0551A917A3A00826F22 /* Debug */ = {
			isa = XCBuildConfiguration;
			buildSettings = {
				ASSETCATALOG_COMPILER_APPICON_NAME = AppIcon;
				INFOPLIST_FILE = Reddit/Info.plist;
				LD_RUNPATH_SEARCH_PATHS = "$(inherited) @executable_path/Frameworks";
				PRODUCT_NAME = "$(TARGET_NAME)";
			};
			name = Debug;
		};
		229DE0561A917A3A00826F22 /* Release */ = {
			isa = XCBuildConfiguration;
			buildSettings = {
				ASSETCATALOG_COMPILER_APPICON_NAME = AppIcon;
				INFOPLIST_FILE = Reddit/Info.plist;
				LD_RUNPATH_SEARCH_PATHS = "$(inherited) @executable_path/Frameworks";
				PRODUCT_NAME = "$(TARGET_NAME)";
			};
			name = Release;
		};
		229DE0581A917A3A00826F22 /* Debug */ = {
			isa = XCBuildConfiguration;
			buildSettings = {
				BUNDLE_LOADER = "$(TEST_HOST)";
				FRAMEWORK_SEARCH_PATHS = (
					"$(SDKROOT)/Developer/Library/Frameworks",
					"$(inherited)",
				);
				GCC_PREPROCESSOR_DEFINITIONS = (
					"DEBUG=1",
					"$(inherited)",
				);
				INFOPLIST_FILE = RedditTests/Info.plist;
				LD_RUNPATH_SEARCH_PATHS = "$(inherited) @executable_path/Frameworks @loader_path/Frameworks";
				PRODUCT_NAME = "$(TARGET_NAME)";
				TEST_HOST = "$(BUILT_PRODUCTS_DIR)/Reddit.app/Reddit";
			};
			name = Debug;
		};
		229DE0591A917A3A00826F22 /* Release */ = {
			isa = XCBuildConfiguration;
			buildSettings = {
				BUNDLE_LOADER = "$(TEST_HOST)";
				FRAMEWORK_SEARCH_PATHS = (
					"$(SDKROOT)/Developer/Library/Frameworks",
					"$(inherited)",
				);
				INFOPLIST_FILE = RedditTests/Info.plist;
				LD_RUNPATH_SEARCH_PATHS = "$(inherited) @executable_path/Frameworks @loader_path/Frameworks";
				PRODUCT_NAME = "$(TARGET_NAME)";
				TEST_HOST = "$(BUILT_PRODUCTS_DIR)/Reddit.app/Reddit";
			};
			name = Release;
		};
/* End XCBuildConfiguration section */

/* Begin XCConfigurationList section */
		229DE02C1A917A3A00826F22 /* Build configuration list for PBXProject "Reddit" */ = {
			isa = XCConfigurationList;
			buildConfigurations = (
				229DE0521A917A3A00826F22 /* Debug */,
				229DE0531A917A3A00826F22 /* Release */,
			);
			defaultConfigurationIsVisible = 0;
			defaultConfigurationName = Release;
		};
		229DE0541A917A3A00826F22 /* Build configuration list for PBXNativeTarget "Reddit" */ = {
			isa = XCConfigurationList;
			buildConfigurations = (
				229DE0551A917A3A00826F22 /* Debug */,
				229DE0561A917A3A00826F22 /* Release */,
			);
			defaultConfigurationIsVisible = 0;
		};
		229DE0571A917A3A00826F22 /* Build configuration list for PBXNativeTarget "RedditTests" */ = {
			isa = XCConfigurationList;
			buildConfigurations = (
				229DE0581A917A3A00826F22 /* Debug */,
				229DE0591A917A3A00826F22 /* Release */,
			);
			defaultConfigurationIsVisible = 0;
		};
/* End XCConfigurationList section */
	};
	rootObject = 229DE0291A917A3A00826F22 /* Project object */;
}
